
Microsoft Visual Studio Solution File, Format Version 12.00
# Visual Studio Version 17
VisualStudioVersion = 17.3.32825.248
MinimumVisualStudioVersion = 10.0.40219.1
Project("{9A19103F-16F7-4668-BE54-9A1E7A4F7556}") = "Service", "Service\Service.csproj", "{F6DB6957-394D-4EFA-B5B0-F6B8EC797A84}"
EndProject
Project("{9A19103F-16F7-4668-BE54-9A1E7A4F7556}") = "Data", "DataAccess\Data.csproj", "{086481C7-AEB9-4C23-8616-61C3C78CC7DE}"
EndProject
Project("{9A19103F-16F7-4668-BE54-9A1E7A4F7556}") = "CustomerDataTest", "CustomerDataTest\CustomerDataTest.csproj", "{FC30A9C2-71DA-4DE2-AC44-404C2FCB2690}"
EndProject
Project("{FAE04EC0-301F-11D3-BF4B-00C04F79EFBC}") = "WebAppProject", "WebApplication\WebAppProject.csproj", "{1FAB3911-DA78-4713-A4B9-41AE46EA2B34}"
EndProject
Global
	GlobalSection(SolutionConfigurationPlatforms) = preSolution
		Debug|Any CPU = Debug|Any CPU
		Release|Any CPU = Release|Any CPU
	EndGlobalSection
	GlobalSection(ProjectConfigurationPlatforms) = postSolution
		{F6DB6957-394D-4EFA-B5B0-F6B8EC797A84}.Debug|Any CPU.ActiveCfg = Debug|Any CPU
		{F6DB6957-394D-4EFA-B5B0-F6B8EC797A84}.Debug|Any CPU.Build.0 = Debug|Any CPU
		{F6DB6957-394D-4EFA-B5B0-F6B8EC797A84}.Release|Any CPU.ActiveCfg = Release|Any CPU
		{F6DB6957-394D-4EFA-B5B0-F6B8EC797A84}.Release|Any CPU.Build.0 = Release|Any CPU
		{086481C7-AEB9-4C23-8616-61C3C78CC7DE}.Debug|Any CPU.ActiveCfg = Debug|Any CPU
		{086481C7-AEB9-4C23-8616-61C3C78CC7DE}.Debug|Any CPU.Build.0 = Debug|Any CPU
		{086481C7-AEB9-4C23-8616-61C3C78CC7DE}.Release|Any CPU.ActiveCfg = Release|Any CPU
		{086481C7-AEB9-4C23-8616-61C3C78CC7DE}.Release|Any CPU.Build.0 = Release|Any CPU
		{FC30A9C2-71DA-4DE2-AC44-404C2FCB2690}.Debug|Any CPU.ActiveCfg = Debug|Any CPU
		{FC30A9C2-71DA-4DE2-AC44-404C2FCB2690}.Debug|Any CPU.Build.0 = Debug|Any CPU
		{FC30A9C2-71DA-4DE2-AC44-404C2FCB2690}.Release|Any CPU.ActiveCfg = Release|Any CPU
		{FC30A9C2-71DA-4DE2-AC44-404C2FCB2690}.Release|Any CPU.Build.0 = Release|Any CPU
		{1FAB3911-DA78-4713-A4B9-41AE46EA2B34}.Debug|Any CPU.ActiveCfg = Debug|Any CPU
		{1FAB3911-DA78-4713-A4B9-41AE46EA2B34}.Debug|Any CPU.Build.0 = Debug|Any CPU
		{1FAB3911-DA78-4713-A4B9-41AE46EA2B34}.Release|Any CPU.ActiveCfg = Release|Any CPU
		{1FAB3911-DA78-4713-A4B9-41AE46EA2B34}.Release|Any CPU.Build.0 = Release|Any CPU
	EndGlobalSection
	GlobalSection(SolutionProperties) = preSolution
		HideSolutionNode = FALSE
	EndGlobalSection
	GlobalSection(ExtensibilityGlobals) = postSolution
		SolutionGuid = {C77B0181-8062-426E-B279-C206FCFD920A}
	EndGlobalSection
EndGlobal
