
Microsoft Visual Studio Solution File, Format Version 12.00
# Visual Studio Version 17
VisualStudioVersion = 17.3.32825.248
MinimumVisualStudioVersion = 10.0.40219.1
Project("{9A19103F-16F7-4668-BE54-9A1E7A4F7556}") = "WpfApp1", "WpfApp1\WpfApp1.csproj", "{799AC529-91A8-4E34-8B96-377DCD070513}"
EndProject
Project("{FAE04EC0-301F-11D3-BF4B-00C04F79EFBC}") = "GoogleAPI", "GoogleAPI\GoogleAPI.csproj", "{DCE1D081-7C31-40AF-8470-239C9F56B1EE}"
EndProject
Global
	GlobalSection(SolutionConfigurationPlatforms) = preSolution
		Debug|Any CPU = Debug|Any CPU
		Release|Any CPU = Release|Any CPU
	EndGlobalSection
	GlobalSection(ProjectConfigurationPlatforms) = postSolution
		{799AC529-91A8-4E34-8B96-377DCD070513}.Debug|Any CPU.ActiveCfg = Debug|Any CPU
		{799AC529-91A8-4E34-8B96-377DCD070513}.Debug|Any CPU.Build.0 = Debug|Any CPU
		{799AC529-91A8-4E34-8B96-377DCD070513}.Release|Any CPU.ActiveCfg = Release|Any CPU
		{799AC529-91A8-4E34-8B96-377DCD070513}.Release|Any CPU.Build.0 = Release|Any CPU
		{DCE1D081-7C31-40AF-8470-239C9F56B1EE}.Debug|Any CPU.ActiveCfg = Debug|Any CPU
		{DCE1D081-7C31-40AF-8470-239C9F56B1EE}.Debug|Any CPU.Build.0 = Debug|Any CPU
		{DCE1D081-7C31-40AF-8470-239C9F56B1EE}.Release|Any CPU.ActiveCfg = Release|Any CPU
		{DCE1D081-7C31-40AF-8470-239C9F56B1EE}.Release|Any CPU.Build.0 = Release|Any CPU
	EndGlobalSection
	GlobalSection(SolutionProperties) = preSolution
		HideSolutionNode = FALSE
	EndGlobalSection
	GlobalSection(ExtensibilityGlobals) = postSolution
		SolutionGuid = {116C530C-A589-4CCC-BB36-0880DBB530FD}
	EndGlobalSection
EndGlobal
